
Microsoft Visual Studio Solution File, Format Version 12.00
# Visual Studio Version 16
VisualStudioVersion = 16.0.31019.35
MinimumVisualStudioVersion = 10.0.40219.1
Project("{9A19103F-16F7-4668-BE54-9A1E7A4F7556}") = "CaseStudyOne", "StudentManagement\CaseStudyOne.csproj", "{6A6F0F05-2B94-4A9F-AB54-7AA11D658446}"
EndProject
Project("{FAE04EC0-301F-11D3-BF4B-00C04F79EFBC}") = "CaseStudtyTwo", "CaseStudtyTwo\CaseStudtyTwo.csproj", "{AF3C7FFF-F78A-4795-B199-EC10B3166E07}"
EndProject
Global
	GlobalSection(SolutionConfigurationPlatforms) = preSolution
		Debug|Any CPU = Debug|Any CPU
		Release|Any CPU = Release|Any CPU
	EndGlobalSection
	GlobalSection(ProjectConfigurationPlatforms) = postSolution
		{6A6F0F05-2B94-4A9F-AB54-7AA11D658446}.Debug|Any CPU.ActiveCfg = Debug|Any CPU
		{6A6F0F05-2B94-4A9F-AB54-7AA11D658446}.Debug|Any CPU.Build.0 = Debug|Any CPU
		{6A6F0F05-2B94-4A9F-AB54-7AA11D658446}.Release|Any CPU.ActiveCfg = Release|Any CPU
		{6A6F0F05-2B94-4A9F-AB54-7AA11D658446}.Release|Any CPU.Build.0 = Release|Any CPU
		{AF3C7FFF-F78A-4795-B199-EC10B3166E07}.Debug|Any CPU.ActiveCfg = Debug|Any CPU
		{AF3C7FFF-F78A-4795-B199-EC10B3166E07}.Debug|Any CPU.Build.0 = Debug|Any CPU
		{AF3C7FFF-F78A-4795-B199-EC10B3166E07}.Release|Any CPU.ActiveCfg = Release|Any CPU
		{AF3C7FFF-F78A-4795-B199-EC10B3166E07}.Release|Any CPU.Build.0 = Release|Any CPU
	EndGlobalSection
	GlobalSection(SolutionProperties) = preSolution
		HideSolutionNode = FALSE
	EndGlobalSection
	GlobalSection(ExtensibilityGlobals) = postSolution
		SolutionGuid = {42694EAC-FC8C-4A3D-BA95-A35B72A8AEBC}
	EndGlobalSection
EndGlobal
